
Microsoft Visual Studio Solution File, Format Version 12.00
# Visual Studio Version 17
VisualStudioVersion = 17.5.002.0
MinimumVisualStudioVersion = 10.0.40219.1
Project("{9A19103F-16F7-4668-BE54-9A1E7A4F7556}") = "SingleResponsability", "1-SingleResponsability\SingleResponsability.csproj", "{88C5C118-B815-43FE-8ECD-2DA09EB047BF}"
EndProject
Project("{9A19103F-16F7-4668-BE54-9A1E7A4F7556}") = "OpenClose", "2-OpenClose\OpenClose.csproj", "{BFFFCD82-C492-4545-AB8A-F71A0573E98D}"
EndProject
Global
	GlobalSection(SolutionConfigurationPlatforms) = preSolution
		Debug|Any CPU = Debug|Any CPU
		Release|Any CPU = Release|Any CPU
	EndGlobalSection
	GlobalSection(ProjectConfigurationPlatforms) = postSolution
		{88C5C118-B815-43FE-8ECD-2DA09EB047BF}.Debug|Any CPU.ActiveCfg = Debug|Any CPU
		{88C5C118-B815-43FE-8ECD-2DA09EB047BF}.Debug|Any CPU.Build.0 = Debug|Any CPU
		{88C5C118-B815-43FE-8ECD-2DA09EB047BF}.Release|Any CPU.ActiveCfg = Release|Any CPU
		{88C5C118-B815-43FE-8ECD-2DA09EB047BF}.Release|Any CPU.Build.0 = Release|Any CPU
		{BFFFCD82-C492-4545-AB8A-F71A0573E98D}.Debug|Any CPU.ActiveCfg = Debug|Any CPU
		{BFFFCD82-C492-4545-AB8A-F71A0573E98D}.Debug|Any CPU.Build.0 = Debug|Any CPU
		{BFFFCD82-C492-4545-AB8A-F71A0573E98D}.Release|Any CPU.ActiveCfg = Release|Any CPU
		{BFFFCD82-C492-4545-AB8A-F71A0573E98D}.Release|Any CPU.Build.0 = Release|Any CPU
	EndGlobalSection
	GlobalSection(SolutionProperties) = preSolution
		HideSolutionNode = FALSE
	EndGlobalSection
	GlobalSection(ExtensibilityGlobals) = postSolution
		SolutionGuid = {E553DD5A-128D-45E7-99AF-C459E0282585}
	EndGlobalSection
EndGlobal
