
Microsoft Visual Studio Solution File, Format Version 12.00
# Visual Studio Version 17
VisualStudioVersion = 17.5.002.0
MinimumVisualStudioVersion = 10.0.40219.1
Project("{9A19103F-16F7-4668-BE54-9A1E7A4F7556}") = "cursoDeManejoDeDatosEnCSharpConLINQ", "cursoDeManejoDeDatosEnCSharpConLINQ\cursoDeManejoDeDatosEnCSharpConLINQ.csproj", "{3A0E2872-D93A-4F15-A0B3-517A3242F2E1}"
EndProject
Global
	GlobalSection(SolutionConfigurationPlatforms) = preSolution
		Debug|Any CPU = Debug|Any CPU
		Release|Any CPU = Release|Any CPU
	EndGlobalSection
	GlobalSection(ProjectConfigurationPlatforms) = postSolution
		{3A0E2872-D93A-4F15-A0B3-517A3242F2E1}.Debug|Any CPU.ActiveCfg = Debug|Any CPU
		{3A0E2872-D93A-4F15-A0B3-517A3242F2E1}.Debug|Any CPU.Build.0 = Debug|Any CPU
		{3A0E2872-D93A-4F15-A0B3-517A3242F2E1}.Release|Any CPU.ActiveCfg = Release|Any CPU
		{3A0E2872-D93A-4F15-A0B3-517A3242F2E1}.Release|Any CPU.Build.0 = Release|Any CPU
	EndGlobalSection
	GlobalSection(SolutionProperties) = preSolution
		HideSolutionNode = FALSE
	EndGlobalSection
	GlobalSection(ExtensibilityGlobals) = postSolution
		SolutionGuid = {C6E1E3E3-54B1-4D53-BFFE-CCFF61A74F90}
	EndGlobalSection
EndGlobal
