
Microsoft Visual Studio Solution File, Format Version 12.00
# Visual Studio Version 17
VisualStudioVersion = 17.7.34024.191
MinimumVisualStudioVersion = 10.0.40219.1
Project("{9A19103F-16F7-4668-BE54-9A1E7A4F7556}") = "BackendApp", "BackendApp.csproj", "{A5038BF3-DEEE-42FA-A771-B6E4BA192F50}"
EndProject
Project("{FAE04EC0-301F-11D3-BF4B-00C04F79EFBC}") = "DB", "..\DB\DB.csproj", "{1FEF91E2-EC37-49CA-A37E-DE8C6BF68DC0}"
EndProject
Global
	GlobalSection(SolutionConfigurationPlatforms) = preSolution
		Debug|Any CPU = Debug|Any CPU
		Release|Any CPU = Release|Any CPU
	EndGlobalSection
	GlobalSection(ProjectConfigurationPlatforms) = postSolution
		{A5038BF3-DEEE-42FA-A771-B6E4BA192F50}.Debug|Any CPU.ActiveCfg = Debug|Any CPU
		{A5038BF3-DEEE-42FA-A771-B6E4BA192F50}.Debug|Any CPU.Build.0 = Debug|Any CPU
		{A5038BF3-DEEE-42FA-A771-B6E4BA192F50}.Release|Any CPU.ActiveCfg = Release|Any CPU
		{A5038BF3-DEEE-42FA-A771-B6E4BA192F50}.Release|Any CPU.Build.0 = Release|Any CPU
		{1FEF91E2-EC37-49CA-A37E-DE8C6BF68DC0}.Debug|Any CPU.ActiveCfg = Debug|Any CPU
		{1FEF91E2-EC37-49CA-A37E-DE8C6BF68DC0}.Debug|Any CPU.Build.0 = Debug|Any CPU
		{1FEF91E2-EC37-49CA-A37E-DE8C6BF68DC0}.Release|Any CPU.ActiveCfg = Release|Any CPU
		{1FEF91E2-EC37-49CA-A37E-DE8C6BF68DC0}.Release|Any CPU.Build.0 = Release|Any CPU
	EndGlobalSection
	GlobalSection(SolutionProperties) = preSolution
		HideSolutionNode = FALSE
	EndGlobalSection
	GlobalSection(ExtensibilityGlobals) = postSolution
		SolutionGuid = {FED60055-FF3A-4836-9AD4-EB1DFA238B4B}
	EndGlobalSection
EndGlobal
